
Microsoft Visual Studio Solution File, Format Version 12.00
# Visual Studio 15
VisualStudioVersion = 15.0.28307.645
MinimumVisualStudioVersion = 10.0.40219.1
Project("{8BC9CEB8-8B4A-11D0-8D11-00A0C91BC942}") = "OpenGL", "OpenGL\OpenGL.vcxproj", "{AD040917-180B-4B50-BDBA-C7E65B39C62B}"
EndProject
Global
	GlobalSection(SolutionConfigurationPlatforms) = preSolution
		Debug|x64 = Debug|x64
		Debug|x86 = Debug|x86
		Release|x64 = Release|x64
		Release|x86 = Release|x86
	EndGlobalSection
	GlobalSection(ProjectConfigurationPlatforms) = postSolution
		{AD040917-180B-4B50-BDBA-C7E65B39C62B}.Debug|x64.ActiveCfg = Debug|x64
		{AD040917-180B-4B50-BDBA-C7E65B39C62B}.Debug|x64.Build.0 = Debug|x64
		{AD040917-180B-4B50-BDBA-C7E65B39C62B}.Debug|x86.ActiveCfg = Debug|Win32
		{AD040917-180B-4B50-BDBA-C7E65B39C62B}.Debug|x86.Build.0 = Debug|Win32
		{AD040917-180B-4B50-BDBA-C7E65B39C62B}.Release|x64.ActiveCfg = Release|x64
		{AD040917-180B-4B50-BDBA-C7E65B39C62B}.Release|x64.Build.0 = Release|x64
		{AD040917-180B-4B50-BDBA-C7E65B39C62B}.Release|x86.ActiveCfg = Release|Win32
		{AD040917-180B-4B50-BDBA-C7E65B39C62B}.Release|x86.Build.0 = Release|Win32
	EndGlobalSection
	GlobalSection(SolutionProperties) = preSolution
		HideSolutionNode = FALSE
	EndGlobalSection
	GlobalSection(ExtensibilityGlobals) = postSolution
		SolutionGuid = {0562E2D4-0B23-4931-BD52-1AB83F67A07F}
	EndGlobalSection
EndGlobal
